
Microsoft Visual Studio Solution File, Format Version 12.00
# Visual Studio 15
VisualStudioVersion = 15.0.26124.0
MinimumVisualStudioVersion = 15.0.26124.0
Project("{2150E333-8FDC-42A3-9474-1A3956D46DE8}") = "src", "src", "{4239F5A2-F886-4D8C-98A7-4BEEC6405825}"
EndProject
Project("{FAE04EC0-301F-11D3-BF4B-00C04F79EFBC}") = "SimpleAPI", "src\SimpleAPI\SimpleAPI.csproj", "{F56013DA-79F8-4DE2-98EC-2EE90B40C550}"
EndProject
Project("{2150E333-8FDC-42A3-9474-1A3956D46DE8}") = "test", "test", "{6B230D39-309E-4F77-AE3A-5E834E439903}"
EndProject
Project("{FAE04EC0-301F-11D3-BF4B-00C04F79EFBC}") = "SimpleAPI.TEST", "test\SimpleAPI.TEST\SimpleAPI.TEST.csproj", "{68B693BE-EE26-45D4-B375-BA186353EF7D}"
EndProject
Global
	GlobalSection(SolutionConfigurationPlatforms) = preSolution
		Debug|Any CPU = Debug|Any CPU
		Debug|x64 = Debug|x64
		Debug|x86 = Debug|x86
		Release|Any CPU = Release|Any CPU
		Release|x64 = Release|x64
		Release|x86 = Release|x86
	EndGlobalSection
	GlobalSection(SolutionProperties) = preSolution
		HideSolutionNode = FALSE
	EndGlobalSection
	GlobalSection(ProjectConfigurationPlatforms) = postSolution
		{F56013DA-79F8-4DE2-98EC-2EE90B40C550}.Debug|Any CPU.ActiveCfg = Debug|Any CPU
		{F56013DA-79F8-4DE2-98EC-2EE90B40C550}.Debug|Any CPU.Build.0 = Debug|Any CPU
		{F56013DA-79F8-4DE2-98EC-2EE90B40C550}.Debug|x64.ActiveCfg = Debug|Any CPU
		{F56013DA-79F8-4DE2-98EC-2EE90B40C550}.Debug|x64.Build.0 = Debug|Any CPU
		{F56013DA-79F8-4DE2-98EC-2EE90B40C550}.Debug|x86.ActiveCfg = Debug|Any CPU
		{F56013DA-79F8-4DE2-98EC-2EE90B40C550}.Debug|x86.Build.0 = Debug|Any CPU
		{F56013DA-79F8-4DE2-98EC-2EE90B40C550}.Release|Any CPU.ActiveCfg = Release|Any CPU
		{F56013DA-79F8-4DE2-98EC-2EE90B40C550}.Release|Any CPU.Build.0 = Release|Any CPU
		{F56013DA-79F8-4DE2-98EC-2EE90B40C550}.Release|x64.ActiveCfg = Release|Any CPU
		{F56013DA-79F8-4DE2-98EC-2EE90B40C550}.Release|x64.Build.0 = Release|Any CPU
		{F56013DA-79F8-4DE2-98EC-2EE90B40C550}.Release|x86.ActiveCfg = Release|Any CPU
		{F56013DA-79F8-4DE2-98EC-2EE90B40C550}.Release|x86.Build.0 = Release|Any CPU
		{68B693BE-EE26-45D4-B375-BA186353EF7D}.Debug|Any CPU.ActiveCfg = Debug|Any CPU
		{68B693BE-EE26-45D4-B375-BA186353EF7D}.Debug|Any CPU.Build.0 = Debug|Any CPU
		{68B693BE-EE26-45D4-B375-BA186353EF7D}.Debug|x64.ActiveCfg = Debug|Any CPU
		{68B693BE-EE26-45D4-B375-BA186353EF7D}.Debug|x64.Build.0 = Debug|Any CPU
		{68B693BE-EE26-45D4-B375-BA186353EF7D}.Debug|x86.ActiveCfg = Debug|Any CPU
		{68B693BE-EE26-45D4-B375-BA186353EF7D}.Debug|x86.Build.0 = Debug|Any CPU
		{68B693BE-EE26-45D4-B375-BA186353EF7D}.Release|Any CPU.ActiveCfg = Release|Any CPU
		{68B693BE-EE26-45D4-B375-BA186353EF7D}.Release|Any CPU.Build.0 = Release|Any CPU
		{68B693BE-EE26-45D4-B375-BA186353EF7D}.Release|x64.ActiveCfg = Release|Any CPU
		{68B693BE-EE26-45D4-B375-BA186353EF7D}.Release|x64.Build.0 = Release|Any CPU
		{68B693BE-EE26-45D4-B375-BA186353EF7D}.Release|x86.ActiveCfg = Release|Any CPU
		{68B693BE-EE26-45D4-B375-BA186353EF7D}.Release|x86.Build.0 = Release|Any CPU
	EndGlobalSection
	GlobalSection(NestedProjects) = preSolution
		{F56013DA-79F8-4DE2-98EC-2EE90B40C550} = {4239F5A2-F886-4D8C-98A7-4BEEC6405825}
		{68B693BE-EE26-45D4-B375-BA186353EF7D} = {6B230D39-309E-4F77-AE3A-5E834E439903}
	EndGlobalSection
EndGlobal
